<?xml version="1.0" encoding="utf-8"?>
<Project ToolsVersion="4.0" xmlns="http://schemas.microsoft.com/developer/msbuild/2003">
  <ItemGroup>
    <Filter Include="源文件">
      <UniqueIdentifier>{4FC737F1-C7A5-4376-A066-2A32D752A2FF}</UniqueIdentifier>
      <Extensions>cpp;c;cc;cxx;c++;cppm;ixx;def;odl;idl;hpj;bat;asm;asmx</Extensions>
    </Filter>
    <Filter Include="头文件">
      <UniqueIdentifier>{93995380-89BD-4b04-88EB-625FBE52EBFB}</UniqueIdentifier>
      <Extensions>h;hh;hpp;hxx;h++;hm;inl;inc;ipp;xsd</Extensions>
    </Filter>
    <Filter Include="资源文件">
      <UniqueIdentifier>{67DA6AB6-F800-4c08-8B7A-83BB121AAD01}</UniqueIdentifier>
      <Extensions>rc;ico;cur;bmp;dlg;rc2;rct;bin;rgs;gif;jpg;jpeg;jpe;resx;tiff;tif;png;wav;mfcribbon-ms</Extensions>
    </Filter>
    <Filter Include="头文件\math">
      <UniqueIdentifier>{e9027eb4-f4d1-4419-9c40-311006287ad1}</UniqueIdentifier>
    </Filter>
    <Filter Include="imgui">
      <UniqueIdentifier>{a451d525-6cd2-4b94-bef2-83f3637f2d05}</UniqueIdentifier>
    </Filter>
    <Filter Include="头文件\2d">
      <UniqueIdentifier>{04592185-3914-414b-aa65-cb12d049ee27}</UniqueIdentifier>
    </Filter>
    <Filter Include="头文件\3d">
      <UniqueIdentifier>{59bfb5c4-1d75-46cb-b3e2-5cfa8b9e00c5}</UniqueIdentifier>
    </Filter>
    <Filter Include="头文件\base">
      <UniqueIdentifier>{c37f45ec-d4d0-430c-bd66-2fade8cc5aff}</UniqueIdentifier>
    </Filter>
    <Filter Include="源文件\2d">
      <UniqueIdentifier>{7fa0a124-9cb2-46f5-b9eb-947bd7589bf8}</UniqueIdentifier>
    </Filter>
    <Filter Include="源文件\3d">
      <UniqueIdentifier>{a2c2e71e-addb-4c5e-8dbb-6532b0dabe46}</UniqueIdentifier>
    </Filter>
    <Filter Include="源文件\base">
      <UniqueIdentifier>{5628cf8d-4b7a-4acf-bea3-f106a2acc158}</UniqueIdentifier>
    </Filter>
  </ItemGroup>
  <ItemGroup>
    <ClCompile Include="Logger.cpp">
      <Filter>源文件</Filter>
    </ClCompile>
    <ClCompile Include="D3DResourceLeakChecker.cpp">
      <Filter>源文件</Filter>
    </ClCompile>
    <ClCompile Include="math\MyMath.cpp">
      <Filter>头文件\math</Filter>
    </ClCompile>
    <ClCompile Include="externals\imgui\imgui.cpp">
      <Filter>imgui</Filter>
    </ClCompile>
    <ClCompile Include="externals\imgui\imgui_demo.cpp">
      <Filter>imgui</Filter>
    </ClCompile>
    <ClCompile Include="externals\imgui\imgui_draw.cpp">
      <Filter>imgui</Filter>
    </ClCompile>
    <ClCompile Include="externals\imgui\imgui_impl_dx12.cpp">
      <Filter>imgui</Filter>
    </ClCompile>
    <ClCompile Include="externals\imgui\imgui_impl_win32.cpp">
      <Filter>imgui</Filter>
    </ClCompile>
    <ClCompile Include="externals\imgui\imgui_tables.cpp">
      <Filter>imgui</Filter>
    </ClCompile>
    <ClCompile Include="externals\imgui\imgui_widgets.cpp">
      <Filter>imgui</Filter>
    </ClCompile>
    <ClCompile Include="2d\Sprite.cpp">
      <Filter>源文件\2d</Filter>
    </ClCompile>
    <ClCompile Include="2d\SpriteCommon.cpp">
      <Filter>源文件\2d</Filter>
    </ClCompile>
    <ClCompile Include="3d\Model.cpp">
      <Filter>源文件\3d</Filter>
    </ClCompile>
    <ClCompile Include="3d\ModelCommon.cpp">
      <Filter>源文件\3d</Filter>
    </ClCompile>
    <ClCompile Include="3d\ModelManager.cpp">
      <Filter>源文件\3d</Filter>
    </ClCompile>
    <ClCompile Include="3d\Object3d.cpp">
      <Filter>源文件\3d</Filter>
    </ClCompile>
    <ClCompile Include="3d\Object3dCommon.cpp">
      <Filter>源文件\3d</Filter>
    </ClCompile>
    <ClCompile Include="base\DirectXCommon.cpp">
      <Filter>源文件\base</Filter>
    </ClCompile>
    <ClCompile Include="base\StringUtility.cpp">
      <Filter>源文件\base</Filter>
    </ClCompile>
    <ClCompile Include="base\TextureManager.cpp">
      <Filter>源文件\base</Filter>
    </ClCompile>
    <ClCompile Include="base\WinApp.cpp">
      <Filter>源文件\base</Filter>
    </ClCompile>
    <ClCompile Include="main.cpp">
      <Filter>源文件</Filter>
    </ClCompile>
    <ClCompile Include="input\Input.cpp">
      <Filter>源文件</Filter>
    </ClCompile>
  </ItemGroup>
  <ItemGroup>
    <ClInclude Include="ResourceObject.h">
      <Filter>头文件</Filter>
    </ClInclude>
    <ClInclude Include="DebugReporter.h">
      <Filter>头文件</Filter>
    </ClInclude>
    <ClInclude Include="Logger.h">
      <Filter>头文件</Filter>
    </ClInclude>
    <ClInclude Include="D3DResourceLeakChecker.h">
      <Filter>头文件</Filter>
    </ClInclude>
    <ClInclude Include="math\Matrix3x3.h">
      <Filter>头文件\math</Filter>
    </ClInclude>
    <ClInclude Include="math\Matrix4x4.h">
      <Filter>头文件\math</Filter>
    </ClInclude>
    <ClInclude Include="math\MyMath.h">
      <Filter>头文件\math</Filter>
    </ClInclude>
    <ClInclude Include="math\Vector2.h">
      <Filter>头文件\math</Filter>
    </ClInclude>
    <ClInclude Include="math\Vector3.h">
      <Filter>头文件\math</Filter>
    </ClInclude>
    <ClInclude Include="math\Vector4.h">
      <Filter>头文件\math</Filter>
    </ClInclude>
    <ClInclude Include="math\Transform.h">
      <Filter>头文件\math</Filter>
    </ClInclude>
    <ClInclude Include="DirectionalLight.h">
      <Filter>头文件</Filter>
    </ClInclude>
    <ClInclude Include="Particle.h">
      <Filter>头文件</Filter>
    </ClInclude>
    <ClInclude Include="TransformationMatrix.h">
      <Filter>头文件</Filter>
    </ClInclude>
    <ClInclude Include="VertexData.h">
      <Filter>头文件</Filter>
    </ClInclude>
    <ClInclude Include="externals\imgui\imconfig.h">
      <Filter>imgui</Filter>
    </ClInclude>
    <ClInclude Include="externals\imgui\imgui.h">
      <Filter>imgui</Filter>
    </ClInclude>
    <ClInclude Include="externals\imgui\imgui_impl_dx12.h">
      <Filter>imgui</Filter>
    </ClInclude>
    <ClInclude Include="externals\imgui\imgui_impl_win32.h">
      <Filter>imgui</Filter>
    </ClInclude>
    <ClInclude Include="externals\imgui\imgui_internal.h">
      <Filter>imgui</Filter>
    </ClInclude>
    <ClInclude Include="externals\imgui\imstb_rectpack.h">
      <Filter>imgui</Filter>
    </ClInclude>
    <ClInclude Include="externals\imgui\imstb_textedit.h">
      <Filter>imgui</Filter>
    </ClInclude>
    <ClInclude Include="externals\imgui\imstb_truetype.h">
      <Filter>imgui</Filter>
    </ClInclude>
    <ClInclude Include="2d\Sprite.h">
      <Filter>头文件\2d</Filter>
    </ClInclude>
    <ClInclude Include="2d\SpriteCommon.h">
      <Filter>头文件\2d</Filter>
    </ClInclude>
    <ClInclude Include="3d\Material.h">
      <Filter>头文件\3d</Filter>
    </ClInclude>
    <ClInclude Include="3d\Model.h">
      <Filter>头文件\3d</Filter>
    </ClInclude>
    <ClInclude Include="3d\ModelCommon.h">
      <Filter>头文件\3d</Filter>
    </ClInclude>
    <ClInclude Include="3d\ModelData.h">
      <Filter>头文件\3d</Filter>
    </ClInclude>
    <ClInclude Include="3d\ModelManager.h">
      <Filter>头文件\3d</Filter>
    </ClInclude>
    <ClInclude Include="base\DirectXCommon.h">
      <Filter>头文件\base</Filter>
    </ClInclude>
    <ClInclude Include="base\StringUtility.h">
      <Filter>头文件\base</Filter>
    </ClInclude>
    <ClInclude Include="base\TextureManager.h">
      <Filter>头文件\base</Filter>
    </ClInclude>
    <ClInclude Include="base\WinApp.h">
      <Filter>头文件\base</Filter>
    </ClInclude>
    <ClInclude Include="input\Input.h">
      <Filter>头文件</Filter>
    </ClInclude>
  </ItemGroup>
  <ItemGroup>
    <Text Include="externals\imgui\LICENSE.txt" />
  </ItemGroup>
  <ItemGroup>
    <None Include="Resources\shaders\Object3d.hlsli">
      <Filter>资源文件</Filter>
    </None>
    <None Include="Resources\shaders\Particle.hlsli">
      <Filter>资源文件</Filter>
    </None>
  </ItemGroup>
  <ItemGroup>
    <FxCompile Include="Resources\shaders\Object3d.PS.hlsl">
      <Filter>资源文件</Filter>
    </FxCompile>
    <FxCompile Include="Resources\shaders\Object3d.VS.hlsl">
      <Filter>资源文件</Filter>
    </FxCompile>
    <FxCompile Include="Resources\shaders\Particle.PS.hlsl">
      <Filter>资源文件</Filter>
    </FxCompile>
    <FxCompile Include="Resources\shaders\Particle.VS.hlsl">
      <Filter>资源文件</Filter>
    </FxCompile>
  </ItemGroup>
</Project>